
Microsoft Visual Studio Solution File, Format Version 12.00
# Visual Studio 14
VisualStudioVersion = 14.0.23107.0
MinimumVisualStudioVersion = 10.0.40219.1
Project("{FAE04EC0-301F-11D3-BF4B-00C04F79EFBC}") = "JScript.NET.ProjectType", "JScript.NET.ProjectType\JScript.NET.ProjectType.csproj", "{E93E20E5-23FD-4C2C-B8B5-1388EB46D1D9}"
	ProjectSection(ProjectDependencies) = postProject
		{3DC58AB3-F67C-4481-A981-5E8A194118AE} = {3DC58AB3-F67C-4481-A981-5E8A194118AE}
	EndProjectSection
EndProject
Project("{FAE04EC0-301F-11D3-BF4B-00C04F79EFBC}") = "JScript.NET.ProjectTemplate", "JScript.NET.ProjectTemplate\JScript.NET.ProjectTemplate.csproj", "{C5FB8941-F7AE-4EB7-B948-B070822B5593}"
EndProject
Project("{FAE04EC0-301F-11D3-BF4B-00C04F79EFBC}") = "JScript.NET.Tasks", "JScript.NET.Tasks\JScript.NET.Tasks.csproj", "{3DC58AB3-F67C-4481-A981-5E8A194118AE}"
EndProject
Project("{2150E333-8FDC-42A3-9474-1A3956D46DE8}") = "Solution Items", "Solution Items", "{40C550A9-9227-4F92-945B-9BCF313158B9}"
	ProjectSection(SolutionItems) = preProject
		GlobalAssemblyInfo.cs = GlobalAssemblyInfo.cs
	EndProjectSection
EndProject
Project("{FAE04EC0-301F-11D3-BF4B-00C04F79EFBC}") = "VSLangProj.Shared", "VSLangProj.Shared\VSLangProj.Shared\VSLangProj.Shared.csproj", "{AFD58707-E5BE-407D-AF32-CFB38D903972}"
EndProject
Global
	GlobalSection(SolutionConfigurationPlatforms) = preSolution
		Debug|Any CPU = Debug|Any CPU
		Release|Any CPU = Release|Any CPU
	EndGlobalSection
	GlobalSection(ProjectConfigurationPlatforms) = postSolution
		{E93E20E5-23FD-4C2C-B8B5-1388EB46D1D9}.Debug|Any CPU.ActiveCfg = Debug|Any CPU
		{E93E20E5-23FD-4C2C-B8B5-1388EB46D1D9}.Debug|Any CPU.Build.0 = Debug|Any CPU
		{E93E20E5-23FD-4C2C-B8B5-1388EB46D1D9}.Release|Any CPU.ActiveCfg = Release|Any CPU
		{E93E20E5-23FD-4C2C-B8B5-1388EB46D1D9}.Release|Any CPU.Build.0 = Release|Any CPU
		{C5FB8941-F7AE-4EB7-B948-B070822B5593}.Debug|Any CPU.ActiveCfg = Debug|Any CPU
		{C5FB8941-F7AE-4EB7-B948-B070822B5593}.Debug|Any CPU.Build.0 = Debug|Any CPU
		{C5FB8941-F7AE-4EB7-B948-B070822B5593}.Release|Any CPU.ActiveCfg = Release|Any CPU
		{C5FB8941-F7AE-4EB7-B948-B070822B5593}.Release|Any CPU.Build.0 = Release|Any CPU
		{3DC58AB3-F67C-4481-A981-5E8A194118AE}.Debug|Any CPU.ActiveCfg = Debug|Any CPU
		{3DC58AB3-F67C-4481-A981-5E8A194118AE}.Debug|Any CPU.Build.0 = Debug|Any CPU
		{3DC58AB3-F67C-4481-A981-5E8A194118AE}.Release|Any CPU.ActiveCfg = Release|Any CPU
		{3DC58AB3-F67C-4481-A981-5E8A194118AE}.Release|Any CPU.Build.0 = Release|Any CPU
		{AFD58707-E5BE-407D-AF32-CFB38D903972}.Debug|Any CPU.ActiveCfg = Debug|Any CPU
		{AFD58707-E5BE-407D-AF32-CFB38D903972}.Debug|Any CPU.Build.0 = Debug|Any CPU
		{AFD58707-E5BE-407D-AF32-CFB38D903972}.Release|Any CPU.ActiveCfg = Release|Any CPU
		{AFD58707-E5BE-407D-AF32-CFB38D903972}.Release|Any CPU.Build.0 = Release|Any CPU
	EndGlobalSection
	GlobalSection(SolutionProperties) = preSolution
		HideSolutionNode = FALSE
	EndGlobalSection
EndGlobal
